
Microsoft Visual Studio Solution File, Format Version 12.00
# Visual Studio Version 16
VisualStudioVersion = 16.0.29201.188
MinimumVisualStudioVersion = 10.0.40219.1
Project("{FAE04EC0-301F-11D3-BF4B-00C04F79EFBC}") = "DpaHttpClient", "DpaHttpClient\DpaHttpClient.csproj", "{BB3F5EAD-D91E-4627-9990-5A1FFC4BA458}"
EndProject
Global
	GlobalSection(SolutionConfigurationPlatforms) = preSolution
		Debug|Any CPU = Debug|Any CPU
		Release|Any CPU = Release|Any CPU
	EndGlobalSection
	GlobalSection(ProjectConfigurationPlatforms) = postSolution
		{BB3F5EAD-D91E-4627-9990-5A1FFC4BA458}.Debug|Any CPU.ActiveCfg = Debug|Any CPU
		{BB3F5EAD-D91E-4627-9990-5A1FFC4BA458}.Debug|Any CPU.Build.0 = Debug|Any CPU
		{BB3F5EAD-D91E-4627-9990-5A1FFC4BA458}.Release|Any CPU.ActiveCfg = Release|Any CPU
		{BB3F5EAD-D91E-4627-9990-5A1FFC4BA458}.Release|Any CPU.Build.0 = Release|Any CPU
	EndGlobalSection
	GlobalSection(SolutionProperties) = preSolution
		HideSolutionNode = FALSE
	EndGlobalSection
	GlobalSection(ExtensibilityGlobals) = postSolution
		SolutionGuid = {5D8CF61C-7356-4BF2-B4DD-3EEFA18E244A}
	EndGlobalSection
EndGlobal
